
Microsoft Visual Studio Solution File, Format Version 12.00
# Visual Studio Version 17
VisualStudioVersion = 17.7.34009.444
MinimumVisualStudioVersion = 10.0.40219.1
Project("{FAE04EC0-301F-11D3-BF4B-00C04F79EFBC}") = "GradleCleaner", "GradleCleaner.csproj", "{0A5E127A-4941-46F7-AA8E-FBF49CCA55D2}"
EndProject
Global
	GlobalSection(SolutionConfigurationPlatforms) = preSolution
		Debug|Any CPU = Debug|Any CPU
		Debug|x86 = Debug|x86
		Release|Any CPU = Release|Any CPU
		Release|x86 = Release|x86
	EndGlobalSection
	GlobalSection(ProjectConfigurationPlatforms) = postSolution
		{0A5E127A-4941-46F7-AA8E-FBF49CCA55D2}.Debug|Any CPU.ActiveCfg = Debug|Any CPU
		{0A5E127A-4941-46F7-AA8E-FBF49CCA55D2}.Debug|Any CPU.Build.0 = Debug|Any CPU
		{0A5E127A-4941-46F7-AA8E-FBF49CCA55D2}.Debug|x86.ActiveCfg = Debug|x86
		{0A5E127A-4941-46F7-AA8E-FBF49CCA55D2}.Debug|x86.Build.0 = Debug|x86
		{0A5E127A-4941-46F7-AA8E-FBF49CCA55D2}.Release|Any CPU.ActiveCfg = Release|Any CPU
		{0A5E127A-4941-46F7-AA8E-FBF49CCA55D2}.Release|Any CPU.Build.0 = Release|Any CPU
		{0A5E127A-4941-46F7-AA8E-FBF49CCA55D2}.Release|x86.ActiveCfg = Release|x86
		{0A5E127A-4941-46F7-AA8E-FBF49CCA55D2}.Release|x86.Build.0 = Release|x86
	EndGlobalSection
	GlobalSection(SolutionProperties) = preSolution
		HideSolutionNode = FALSE
	EndGlobalSection
	GlobalSection(ExtensibilityGlobals) = postSolution
		SolutionGuid = {567A5EDA-0380-4F0C-AC71-D4970E5F7891}
	EndGlobalSection
EndGlobal
